
Microsoft Visual Studio Solution File, Format Version 12.00
# Visual Studio Version 16
VisualStudioVersion = 16.0.31313.79
MinimumVisualStudioVersion = 10.0.40219.1
Project("{FAE04EC0-301F-11D3-BF4B-00C04F79EFBC}") = "Simulation.Console", "Simulation.Console\Simulation.Console.csproj", "{354880C7-6AD2-46DB-95A9-1F52A4677934}"
EndProject
Project("{FAE04EC0-301F-11D3-BF4B-00C04F79EFBC}") = "Simulation.Library", "Simulation.Library\Simulation.Library.csproj", "{7115BCFD-4998-450E-9306-4AF5E77A782F}"
EndProject
Project("{FAE04EC0-301F-11D3-BF4B-00C04F79EFBC}") = "Simulation.Tests", "Simulation.Tests\Simulation.Tests.csproj", "{6E4FD51E-D870-42D1-BFF5-3A4D46A5A744}"
EndProject
Global
	GlobalSection(SolutionConfigurationPlatforms) = preSolution
		Debug|Any CPU = Debug|Any CPU
		Release|Any CPU = Release|Any CPU
	EndGlobalSection
	GlobalSection(ProjectConfigurationPlatforms) = postSolution
		{354880C7-6AD2-46DB-95A9-1F52A4677934}.Debug|Any CPU.ActiveCfg = Debug|Any CPU
		{354880C7-6AD2-46DB-95A9-1F52A4677934}.Debug|Any CPU.Build.0 = Debug|Any CPU
		{354880C7-6AD2-46DB-95A9-1F52A4677934}.Release|Any CPU.ActiveCfg = Release|Any CPU
		{354880C7-6AD2-46DB-95A9-1F52A4677934}.Release|Any CPU.Build.0 = Release|Any CPU
		{7115BCFD-4998-450E-9306-4AF5E77A782F}.Debug|Any CPU.ActiveCfg = Debug|Any CPU
		{7115BCFD-4998-450E-9306-4AF5E77A782F}.Debug|Any CPU.Build.0 = Debug|Any CPU
		{7115BCFD-4998-450E-9306-4AF5E77A782F}.Release|Any CPU.ActiveCfg = Release|Any CPU
		{7115BCFD-4998-450E-9306-4AF5E77A782F}.Release|Any CPU.Build.0 = Release|Any CPU
		{6E4FD51E-D870-42D1-BFF5-3A4D46A5A744}.Debug|Any CPU.ActiveCfg = Debug|Any CPU
		{6E4FD51E-D870-42D1-BFF5-3A4D46A5A744}.Debug|Any CPU.Build.0 = Debug|Any CPU
		{6E4FD51E-D870-42D1-BFF5-3A4D46A5A744}.Release|Any CPU.ActiveCfg = Release|Any CPU
		{6E4FD51E-D870-42D1-BFF5-3A4D46A5A744}.Release|Any CPU.Build.0 = Release|Any CPU
	EndGlobalSection
	GlobalSection(SolutionProperties) = preSolution
		HideSolutionNode = FALSE
	EndGlobalSection
	GlobalSection(ExtensibilityGlobals) = postSolution
		SolutionGuid = {4242F63D-4301-4C50-8663-B1EF1FD1B6F4}
	EndGlobalSection
EndGlobal
